// !$*UTF8*$!
{
	archiveVersion = 1;
	classes = {
	};
	objectVersion = 46;
	objects = {

/* Begin PBXBuildFile section */
		FECD0FAD1ED90D26003CDFAF /* AppDelegate.swift in Sources */ = {isa = PBXBuildFile; fileRef = FECD0FAC1ED90D26003CDFAF /* AppDelegate.swift */; };
		FECD0FAF1ED90D26003CDFAF /* ViewController.swift in Sources */ = {isa = PBXBuildFile; fileRef = FECD0FAE1ED90D26003CDFAF /* ViewController.swift */; };
		FECD0FB21ED90D26003CDFAF /* Main.storyboard in Resources */ = {isa = PBXBuildFile; fileRef = FECD0FB01ED90D26003CDFAF /* Main.storyboard */; };
		FECD0FB41ED90D26003CDFAF /* Assets.xcassets in Resources */ = {isa = PBXBuildFile; fileRef = FECD0FB31ED90D26003CDFAF /* Assets.xcassets */; };
		FECD0FB71ED90D26003CDFAF /* LaunchScreen.storyboard in Resources */ = {isa = PBXBuildFile; fileRef = FECD0FB51ED90D26003CDFAF /* LaunchScreen.storyboard */; };
/* End PBXBuildFile section */

/* Begin PBXFileReference section */
		FECD0FA91ED90D25003CDFAF /* hackchat.app */ = {isa = PBXFileReference; explicitFileType = wrapper.application; includeInIndex = 0; path = hackchat.app; sourceTree = BUILT_PRODUCTS_DIR; };
		FECD0FAC1ED90D26003CDFAF /* AppDelegate.swift */ = {isa = PBXFileReference; lastKnownFileType = sourcecode.swift; path = AppDelegate.swift; sourceTree = "<group>"; };
		FECD0FAE1ED90D26003CDFAF /* ViewController.swift */ = {isa = PBXFileReference; lastKnownFileType = sourcecode.swift; path = ViewController.swift; sourceTree = "<group>"; };
		FECD0FB11ED90D26003CDFAF /* Base */ = {isa = PBXFileReference; lastKnownFileType = file.storyboard; name = Base; path = Base.lproj/Main.storyboard; sourceTree = "<group>"; };
		FECD0FB31ED90D26003CDFAF /* Assets.xcassets */ = {isa = PBXFileReference; lastKnownFileType = folder.assetcatalog; path = Assets.xcassets; sourceTree = "<group>"; };
		FECD0FB61ED90D26003CDFAF /* Base */ = {isa = PBXFileReference; lastKnownFileType = file.storyboard; name = Base; path = Base.lproj/LaunchScreen.storyboard; sourceTree = "<group>"; };
		FECD0FB81ED90D26003CDFAF /* Info.plist */ = {isa = PBXFileReference; lastKnownFileType = text.plist.xml; path = Info.plist; sourceTree = "<group>"; };
/* End PBXFileReference section */

/* Begin PBXFrameworksBuildPhase section */
		FECD0FA61ED90D25003CDFAF /* Frameworks */ = {
			isa = PBXFrameworksBuildPhase;
			buildActionMask = 2147483647;
			files = (
			);
			runOnlyForDeploymentPostprocessing = 0;
		};
/* End PBXFrameworksBuildPhase section */

/* Begin PBXGroup section */
		FECD0FA01ED90D25003CDFAF = {
			isa = PBXGroup;
			children = (
				FECD0FAB1ED90D25003CDFAF /* hackchat */,
				FECD0FAA1ED90D25003CDFAF /* Products */,
			);
			sourceTree = "<group>";
		};
		FECD0FAA1ED90D25003CDFAF /* Products */ = {
			isa = PBXGroup;
			children = (
				FECD0FA91ED90D25003CDFAF /* hackchat.app */,
			);
			name = Products;
			sourceTree = "<group>";
		};
		FECD0FAB1ED90D25003CDFAF /* hackchat */ = {
			isa = PBXGroup;
			children = (
				FECD0FAC1ED90D26003CDFAF /* AppDelegate.swift */,
				FECD0FAE1ED90D26003CDFAF /* ViewController.swift */,
				FECD0FB01ED90D26003CDFAF /* Main.storyboard */,
				FECD0FB31ED90D26003CDFAF /* Assets.xcassets */,
				FECD0FB51ED90D26003CDFAF /* LaunchScreen.storyboard */,
				FECD0FB81ED90D26003CDFAF /* Info.plist */,
			);
			path = hackchat;
			sourceTree = "<group>";
		};
/* End PBXGroup section */

/* Begin PBXNativeTarget section */
		FECD0FA81ED90D25003CDFAF /* hackchat */ = {
			isa = PBXNativeTarget;
			buildConfigurationList = FECD0FBB1ED90D26003CDFAF /* Build configuration list for PBXNativeTarget "hackchat" */;
			buildPhases = (
				FECD0FA51ED90D25003CDFAF /* Sources */,
				FECD0FA61ED90D25003CDFAF /* Frameworks */,
				FECD0FA71ED90D25003CDFAF /* Resources */,
			);
			buildRules = (
			);
			dependencies = (
			);
			name = hackchat;
			productName = hackchat;
			productReference = FECD0FA91ED90D25003CDFAF /* hackchat.app */;
			productType = "com.apple.product-type.application";
		};
/* End PBXNativeTarget section */

/* Begin PBXProject section */
		FECD0FA11ED90D25003CDFAF /* Project object */ = {
			isa = PBXProject;
			attributes = {
				LastSwiftUpdateCheck = 0830;
				LastUpgradeCheck = 0830;
				ORGANIZATIONNAME = "Christopher Ho";
				TargetAttributes = {
					FECD0FA81ED90D25003CDFAF = {
						CreatedOnToolsVersion = 8.3.2;
						DevelopmentTeam = B2F7W3P7DE;
						ProvisioningStyle = Automatic;
					};
				};
			};
			buildConfigurationList = FECD0FA41ED90D25003CDFAF /* Build configuration list for PBXProject "hackchat" */;
			compatibilityVersion = "Xcode 3.2";
			developmentRegion = English;
			hasScannedForEncodings = 0;
			knownRegions = (
				en,
				Base,
			);
			mainGroup = FECD0FA01ED90D25003CDFAF;
			productRefGroup = FECD0FAA1ED90D25003CDFAF /* Products */;
			projectDirPath = "";
			projectRoot = "";
			targets = (
				FECD0FA81ED90D25003CDFAF /* hackchat */,
			);
		};
/* End PBXProject section */

/* Begin PBXResourcesBuildPhase section */
		FECD0FA71ED90D25003CDFAF /* Resources */ = {
			isa = PBXResourcesBuildPhase;
			buildActionMask = 2147483647;
			files = (
				FECD0FB71ED90D26003CDFAF /* LaunchScreen.storyboard in Resources */,
				FECD0FB41ED90D26003CDFAF /* Assets.xcassets in Resources */,
				FECD0FB21ED90D26003CDFAF /* Main.storyboard in Resources */,
			);
			runOnlyForDeploymentPostprocessing = 0;
		};
/* End PBXResourcesBuildPhase section */

/* Begin PBXSourcesBuildPhase section */
		FECD0FA51ED90D25003CDFAF /* Sources */ = {
			isa = PBXSourcesBuildPhase;
			buildActionMask = 2147483647;
			files = (
				FECD0FAF1ED90D26003CDFAF /* ViewController.swift in Sources */,
				FECD0FAD1ED90D26003CDFAF /* AppDelegate.swift in Sources */,
			);
			runOnlyForDeploymentPostprocessing = 0;
		};
/* End PBXSourcesBuildPhase section */

/* Begin PBXVariantGroup section */
		FECD0FB01ED90D26003CDFAF /* Main.storyboard */ = {
			isa = PBXVariantGroup;
			children = (
				FECD0FB11ED90D26003CDFAF /* Base */,
			);
			name = Main.storyboard;
			sourceTree = "<group>";
		};
		FECD0FB51ED90D26003CDFAF /* LaunchScreen.storyboard */ = {
			isa = PBXVariantGroup;
			children = (
				FECD0FB61ED90D26003CDFAF /* Base */,
			);
			name = LaunchScreen.storyboard;
			sourceTree = "<group>";
		};
/* End PBXVariantGroup section */

/* Begin XCBuildConfiguration section */
		FECD0FB91ED90D26003CDFAF /* Debug */ = {
			isa = XCBuildConfiguration;
			buildSettings = {
				ALWAYS_SEARCH_USER_PATHS = NO;
				CLANG_ANALYZER_NONNULL = YES;
				CLANG_ANALYZER_NUMBER_OBJECT_CONVERSION = YES_AGGRESSIVE;
				CLANG_CXX_LANGUAGE_STANDARD = "gnu++0x";
				CLANG_CXX_LIBRARY = "libc++";
				CLANG_ENABLE_MODULES = YES;
				CLANG_ENABLE_OBJC_ARC = YES;
				CLANG_WARN_BOOL_CONVERSION = YES;
				CLANG_WARN_CONSTANT_CONVERSION = YES;
				CLANG_WARN_DIRECT_OBJC_ISA_USAGE = YES_ERROR;
				CLANG_WARN_DOCUMENTATION_COMMENTS = YES;
				CLANG_WARN_EMPTY_BODY = YES;
				CLANG_WARN_ENUM_CONVERSION = YES;
				CLANG_WARN_INFINITE_RECURSION = YES;
				CLANG_WARN_INT_CONVERSION = YES;
				CLANG_WARN_OBJC_ROOT_CLASS = YES_ERROR;
				CLANG_WARN_SUSPICIOUS_MOVE = YES;
				CLANG_WARN_UNREACHABLE_CODE = YES;
				CLANG_WARN__DUPLICATE_METHOD_MATCH = YES;
				"CODE_SIGN_IDENTITY[sdk=iphoneos*]" = "iPhone Developer";
				COPY_PHASE_STRIP = NO;
				DEBUG_INFORMATION_FORMAT = dwarf;
				ENABLE_STRICT_OBJC_MSGSEND = YES;
				ENABLE_TESTABILITY = YES;
				GCC_C_LANGUAGE_STANDARD = gnu99;
				GCC_DYNAMIC_NO_PIC = NO;
				GCC_NO_COMMON_BLOCKS = YES;
				GCC_OPTIMIZATION_LEVEL = 0;
				GCC_PREPROCESSOR_DEFINITIONS = (
					"DEBUG=1",
					"$(inherited)",
				);
				GCC_WARN_64_TO_32_BIT_CONVERSION = YES;
				GCC_WARN_ABOUT_RETURN_TYPE = YES_ERROR;
				GCC_WARN_UNDECLARED_SELECTOR = YES;
				GCC_WARN_UNINITIALIZED_AUTOS = YES_AGGRESSIVE;
				GCC_WARN_UNUSED_FUNCTION = YES;
				GCC_WARN_UNUSED_VARIABLE = YES;
				IPHONEOS_DEPLOYMENT_TARGET = 10.3;
				MTL_ENABLE_DEBUG_INFO = YES;
				ONLY_ACTIVE_ARCH = YES;
				SDKROOT = iphoneos;
				SWIFT_ACTIVE_COMPILATION_CONDITIONS = DEBUG;
				SWIFT_OPTIMIZATION_LEVEL = "-Onone";
				TARGETED_DEVICE_FAMILY = "1,2";
			};
			name = Debug;
		};
		FECD0FBA1ED90D26003CDFAF /* Release */ = {
			isa = XCBuildConfiguration;
			buildSettings = {
				ALWAYS_SEARCH_USER_PATHS = NO;
				CLANG_ANALYZER_NONNULL = YES;
				CLANG_ANALYZER_NUMBER_OBJECT_CONVERSION = YES_AGGRESSIVE;
				CLANG_CXX_LANGUAGE_STANDARD = "gnu++0x";
				CLANG_CXX_LIBRARY = "libc++";
				CLANG_ENABLE_MODULES = YES;
				CLANG_ENABLE_OBJC_ARC = YES;
				CLANG_WARN_BOOL_CONVERSION = YES;
				CLANG_WARN_CONSTANT_CONVERSION = YES;
				CLANG_WARN_DIRECT_OBJC_ISA_USAGE = YES_ERROR;
				CLANG_WARN_DOCUMENTATION_COMMENTS = YES;
				CLANG_WARN_EMPTY_BODY = YES;
				CLANG_WARN_ENUM_CONVERSION = YES;
				CLANG_WARN_INFINITE_RECURSION = YES;
				CLANG_WARN_INT_CONVERSION = YES;
				CLANG_WARN_OBJC_ROOT_CLASS = YES_ERROR;
				CLANG_WARN_SUSPICIOUS_MOVE = YES;
				CLANG_WARN_UNREACHABLE_CODE = YES;
				CLANG_WARN__DUPLICATE_METHOD_MATCH = YES;
				"CODE_SIGN_IDENTITY[sdk=iphoneos*]" = "iPhone Developer";
				COPY_PHASE_STRIP = NO;
				DEBUG_INFORMATION_FORMAT = "dwarf-with-dsym";
				ENABLE_NS_ASSERTIONS = NO;
				ENABLE_STRICT_OBJC_MSGSEND = YES;
				GCC_C_LANGUAGE_STANDARD = gnu99;
				GCC_NO_COMMON_BLOCKS = YES;
				GCC_WARN_64_TO_32_BIT_CONVERSION = YES;
				GCC_WARN_ABOUT_RETURN_TYPE = YES_ERROR;
				GCC_WARN_UNDECLARED_SELECTOR = YES;
				GCC_WARN_UNINITIALIZED_AUTOS = YES_AGGRESSIVE;
				GCC_WARN_UNUSED_FUNCTION = YES;
				GCC_WARN_UNUSED_VARIABLE = YES;
				IPHONEOS_DEPLOYMENT_TARGET = 10.3;
				MTL_ENABLE_DEBUG_INFO = NO;
				SDKROOT = iphoneos;
				SWIFT_OPTIMIZATION_LEVEL = "-Owholemodule";
				TARGETED_DEVICE_FAMILY = "1,2";
				VALIDATE_PRODUCT = YES;
			};
			name = Release;
		};
		FECD0FBC1ED90D26003CDFAF /* Debug */ = {
			isa = XCBuildConfiguration;
			buildSettings = {
				ASSETCATALOG_COMPILER_APPICON_NAME = AppIcon;
				DEVELOPMENT_TEAM = B2F7W3P7DE;
				INFOPLIST_FILE = hackchat/Info.plist;
				LD_RUNPATH_SEARCH_PATHS = "$(inherited) @executable_path/Frameworks";
				PRODUCT_BUNDLE_IDENTIFIER = com.christopherho.hackchat;
				PRODUCT_NAME = "$(TARGET_NAME)";
				SWIFT_VERSION = 3.0;
			};
			name = Debug;
		};
		FECD0FBD1ED90D26003CDFAF /* Release */ = {
			isa = XCBuildConfiguration;
			buildSettings = {
				ASSETCATALOG_COMPILER_APPICON_NAME = AppIcon;
				DEVELOPMENT_TEAM = B2F7W3P7DE;
				INFOPLIST_FILE = hackchat/Info.plist;
				LD_RUNPATH_SEARCH_PATHS = "$(inherited) @executable_path/Frameworks";
				PRODUCT_BUNDLE_IDENTIFIER = com.christopherho.hackchat;
				PRODUCT_NAME = "$(TARGET_NAME)";
				SWIFT_VERSION = 3.0;
			};
			name = Release;
		};
/* End XCBuildConfiguration section */

/* Begin XCConfigurationList section */
		FECD0FA41ED90D25003CDFAF /* Build configuration list for PBXProject "hackchat" */ = {
			isa = XCConfigurationList;
			buildConfigurations = (
				FECD0FB91ED90D26003CDFAF /* Debug */,
				FECD0FBA1ED90D26003CDFAF /* Release */,
			);
			defaultConfigurationIsVisible = 0;
			defaultConfigurationName = Release;
		};
		FECD0FBB1ED90D26003CDFAF /* Build configuration list for PBXNativeTarget "hackchat" */ = {
			isa = XCConfigurationList;
			buildConfigurations = (
				FECD0FBC1ED90D26003CDFAF /* Debug */,
				FECD0FBD1ED90D26003CDFAF /* Release */,
			);
			defaultConfigurationIsVisible = 0;
		};
/* End XCConfigurationList section */
	};
	rootObject = FECD0FA11ED90D25003CDFAF /* Project object */;
}
