// !$*UTF8*$!
{
	archiveVersion = 1;
	classes = {
	};
	objectVersion = 46;
	objects = {

/* Begin PBXBuildFile section */
		AE25DC32FE4F826D346F92CD /* Pods_chat.framework in Frameworks */ = {isa = PBXBuildFile; fileRef = 10D31647109087C79075812A /* Pods_chat.framework */; };
		FECD0FCB1ED91A08003CDFAF /* AppDelegate.swift in Sources */ = {isa = PBXBuildFile; fileRef = FECD0FCA1ED91A08003CDFAF /* AppDelegate.swift */; };
		FECD0FD01ED91A08003CDFAF /* Main.storyboard in Resources */ = {isa = PBXBuildFile; fileRef = FECD0FCE1ED91A08003CDFAF /* Main.storyboard */; };
		FECD0FD21ED91A08003CDFAF /* Assets.xcassets in Resources */ = {isa = PBXBuildFile; fileRef = FECD0FD11ED91A08003CDFAF /* Assets.xcassets */; };
		FECD0FD51ED91A08003CDFAF /* LaunchScreen.storyboard in Resources */ = {isa = PBXBuildFile; fileRef = FECD0FD31ED91A08003CDFAF /* LaunchScreen.storyboard */; };
		FECD0FE11ED91EEA003CDFAF /* SignInVC.swift in Sources */ = {isa = PBXBuildFile; fileRef = FECD0FE01ED91EEA003CDFAF /* SignInVC.swift */; };
		FECD0FE31ED921C7003CDFAF /* ContactsVC.swift in Sources */ = {isa = PBXBuildFile; fileRef = FECD0FE21ED921C7003CDFAF /* ContactsVC.swift */; };
		FECD0FE51ED92D47003CDFAF /* GoogleService-Info.plist in Resources */ = {isa = PBXBuildFile; fileRef = FECD0FE41ED92D47003CDFAF /* GoogleService-Info.plist */; };
		FECD0FE71ED93F37003CDFAF /* AuthProvider.swift in Sources */ = {isa = PBXBuildFile; fileRef = FECD0FE61ED93F37003CDFAF /* AuthProvider.swift */; };
		FECD0FEB1ED97BBC003CDFAF /* DBProvider.swift in Sources */ = {isa = PBXBuildFile; fileRef = FECD0FEA1ED97BBC003CDFAF /* DBProvider.swift */; };
		FECD0FED1ED97C8F003CDFAF /* Constants.swift in Sources */ = {isa = PBXBuildFile; fileRef = FECD0FEC1ED97C8F003CDFAF /* Constants.swift */; };
		FECD0FEF1ED98774003CDFAF /* Contact.swift in Sources */ = {isa = PBXBuildFile; fileRef = FECD0FEE1ED98774003CDFAF /* Contact.swift */; };
		FECD0FF11ED98FB6003CDFAF /* ChatVC.swift in Sources */ = {isa = PBXBuildFile; fileRef = FECD0FF01ED98FB6003CDFAF /* ChatVC.swift */; };
		FECD0FF31ED9AF8F003CDFAF /* MessagesHandler.swift in Sources */ = {isa = PBXBuildFile; fileRef = FECD0FF21ED9AF8F003CDFAF /* MessagesHandler.swift */; };
		FECD10021EDC9CA1003CDFAF /* JSON.swift in Sources */ = {isa = PBXBuildFile; fileRef = FECD10001EDC9CA1003CDFAF /* JSON.swift */; };
		FECD10041EDC9D2A003CDFAF /* WatSwift.swift in Sources */ = {isa = PBXBuildFile; fileRef = FECD10031EDC9D2A003CDFAF /* WatSwift.swift */; };
		FECD10061EDCF2B9003CDFAF /* VerifyVC.swift in Sources */ = {isa = PBXBuildFile; fileRef = FECD10051EDCF2B9003CDFAF /* VerifyVC.swift */; };
/* End PBXBuildFile section */

/* Begin PBXFileReference section */
		10D31647109087C79075812A /* Pods_chat.framework */ = {isa = PBXFileReference; explicitFileType = wrapper.framework; includeInIndex = 0; path = Pods_chat.framework; sourceTree = BUILT_PRODUCTS_DIR; };
		868762A63A41D9DA28582E03 /* Pods-chat.debug.xcconfig */ = {isa = PBXFileReference; includeInIndex = 1; lastKnownFileType = text.xcconfig; name = "Pods-chat.debug.xcconfig"; path = "Pods/Target Support Files/Pods-chat/Pods-chat.debug.xcconfig"; sourceTree = "<group>"; };
		B8C25ADBE43ACF29457BE34D /* Pods-chat.release.xcconfig */ = {isa = PBXFileReference; includeInIndex = 1; lastKnownFileType = text.xcconfig; name = "Pods-chat.release.xcconfig"; path = "Pods/Target Support Files/Pods-chat/Pods-chat.release.xcconfig"; sourceTree = "<group>"; };
		FECD0FC71ED91A08003CDFAF /* chat.app */ = {isa = PBXFileReference; explicitFileType = wrapper.application; includeInIndex = 0; path = chat.app; sourceTree = BUILT_PRODUCTS_DIR; };
		FECD0FCA1ED91A08003CDFAF /* AppDelegate.swift */ = {isa = PBXFileReference; lastKnownFileType = sourcecode.swift; path = AppDelegate.swift; sourceTree = "<group>"; };
		FECD0FCF1ED91A08003CDFAF /* Base */ = {isa = PBXFileReference; lastKnownFileType = file.storyboard; name = Base; path = Base.lproj/Main.storyboard; sourceTree = "<group>"; };
		FECD0FD11ED91A08003CDFAF /* Assets.xcassets */ = {isa = PBXFileReference; lastKnownFileType = folder.assetcatalog; path = Assets.xcassets; sourceTree = "<group>"; };
		FECD0FD41ED91A08003CDFAF /* Base */ = {isa = PBXFileReference; lastKnownFileType = file.storyboard; name = Base; path = Base.lproj/LaunchScreen.storyboard; sourceTree = "<group>"; };
		FECD0FD61ED91A08003CDFAF /* Info.plist */ = {isa = PBXFileReference; lastKnownFileType = text.plist.xml; path = Info.plist; sourceTree = "<group>"; };
		FECD0FE01ED91EEA003CDFAF /* SignInVC.swift */ = {isa = PBXFileReference; fileEncoding = 4; lastKnownFileType = sourcecode.swift; path = SignInVC.swift; sourceTree = "<group>"; };
		FECD0FE21ED921C7003CDFAF /* ContactsVC.swift */ = {isa = PBXFileReference; fileEncoding = 4; lastKnownFileType = sourcecode.swift; path = ContactsVC.swift; sourceTree = "<group>"; };
		FECD0FE41ED92D47003CDFAF /* GoogleService-Info.plist */ = {isa = PBXFileReference; fileEncoding = 4; lastKnownFileType = text.plist.xml; path = "GoogleService-Info.plist"; sourceTree = "<group>"; };
		FECD0FE61ED93F37003CDFAF /* AuthProvider.swift */ = {isa = PBXFileReference; fileEncoding = 4; lastKnownFileType = sourcecode.swift; path = AuthProvider.swift; sourceTree = "<group>"; };
		FECD0FEA1ED97BBC003CDFAF /* DBProvider.swift */ = {isa = PBXFileReference; fileEncoding = 4; lastKnownFileType = sourcecode.swift; path = DBProvider.swift; sourceTree = "<group>"; };
		FECD0FEC1ED97C8F003CDFAF /* Constants.swift */ = {isa = PBXFileReference; fileEncoding = 4; lastKnownFileType = sourcecode.swift; path = Constants.swift; sourceTree = "<group>"; };
		FECD0FEE1ED98774003CDFAF /* Contact.swift */ = {isa = PBXFileReference; fileEncoding = 4; lastKnownFileType = sourcecode.swift; path = Contact.swift; sourceTree = "<group>"; };
		FECD0FF01ED98FB6003CDFAF /* ChatVC.swift */ = {isa = PBXFileReference; fileEncoding = 4; lastKnownFileType = sourcecode.swift; path = ChatVC.swift; sourceTree = "<group>"; };
		FECD0FF21ED9AF8F003CDFAF /* MessagesHandler.swift */ = {isa = PBXFileReference; fileEncoding = 4; lastKnownFileType = sourcecode.swift; path = MessagesHandler.swift; sourceTree = "<group>"; };
		FECD10001EDC9CA1003CDFAF /* JSON.swift */ = {isa = PBXFileReference; fileEncoding = 4; lastKnownFileType = sourcecode.swift; path = JSON.swift; sourceTree = "<group>"; };
		FECD10031EDC9D2A003CDFAF /* WatSwift.swift */ = {isa = PBXFileReference; fileEncoding = 4; lastKnownFileType = sourcecode.swift; path = WatSwift.swift; sourceTree = "<group>"; };
		FECD10051EDCF2B9003CDFAF /* VerifyVC.swift */ = {isa = PBXFileReference; fileEncoding = 4; lastKnownFileType = sourcecode.swift; path = VerifyVC.swift; sourceTree = "<group>"; };
/* End PBXFileReference section */

/* Begin PBXFrameworksBuildPhase section */
		FECD0FC41ED91A08003CDFAF /* Frameworks */ = {
			isa = PBXFrameworksBuildPhase;
			buildActionMask = 2147483647;
			files = (
				AE25DC32FE4F826D346F92CD /* Pods_chat.framework in Frameworks */,
			);
			runOnlyForDeploymentPostprocessing = 0;
		};
/* End PBXFrameworksBuildPhase section */

/* Begin PBXGroup section */
		0CF81676F90B5E3D78E2F6BD /* Pods */ = {
			isa = PBXGroup;
			children = (
				868762A63A41D9DA28582E03 /* Pods-chat.debug.xcconfig */,
				B8C25ADBE43ACF29457BE34D /* Pods-chat.release.xcconfig */,
			);
			name = Pods;
			sourceTree = "<group>";
		};
		DF27B52CB756D620EB5EDE08 /* Frameworks */ = {
			isa = PBXGroup;
			children = (
				10D31647109087C79075812A /* Pods_chat.framework */,
			);
			name = Frameworks;
			sourceTree = "<group>";
		};
		FECD0FBE1ED91A08003CDFAF = {
			isa = PBXGroup;
			children = (
				FECD0FC91ED91A08003CDFAF /* chat */,
				FECD0FC81ED91A08003CDFAF /* Products */,
				0CF81676F90B5E3D78E2F6BD /* Pods */,
				DF27B52CB756D620EB5EDE08 /* Frameworks */,
			);
			sourceTree = "<group>";
		};
		FECD0FC81ED91A08003CDFAF /* Products */ = {
			isa = PBXGroup;
			children = (
				FECD0FC71ED91A08003CDFAF /* chat.app */,
			);
			name = Products;
			sourceTree = "<group>";
		};
		FECD0FC91ED91A08003CDFAF /* chat */ = {
			isa = PBXGroup;
			children = (
				FECD0FFF1EDC9C7F003CDFAF /* WatSwift */,
				FECD0FDF1ED91EB3003CDFAF /* Plugins */,
				FECD0FDE1ED91EA7003CDFAF /* Controller */,
				FECD0FDD1ED91EA0003CDFAF /* View */,
				FECD0FDC1ED91E96003CDFAF /* Model */,
				FECD0FCA1ED91A08003CDFAF /* AppDelegate.swift */,
				FECD0FCE1ED91A08003CDFAF /* Main.storyboard */,
				FECD0FD11ED91A08003CDFAF /* Assets.xcassets */,
				FECD0FD31ED91A08003CDFAF /* LaunchScreen.storyboard */,
				FECD0FD61ED91A08003CDFAF /* Info.plist */,
				FECD0FE41ED92D47003CDFAF /* GoogleService-Info.plist */,
			);
			path = chat;
			sourceTree = "<group>";
		};
		FECD0FDC1ED91E96003CDFAF /* Model */ = {
			isa = PBXGroup;
			children = (
				FECD0FEC1ED97C8F003CDFAF /* Constants.swift */,
				FECD0FEE1ED98774003CDFAF /* Contact.swift */,
			);
			name = Model;
			sourceTree = "<group>";
		};
		FECD0FDD1ED91EA0003CDFAF /* View */ = {
			isa = PBXGroup;
			children = (
			);
			name = View;
			sourceTree = "<group>";
		};
		FECD0FDE1ED91EA7003CDFAF /* Controller */ = {
			isa = PBXGroup;
			children = (
				FECD0FE01ED91EEA003CDFAF /* SignInVC.swift */,
				FECD0FE21ED921C7003CDFAF /* ContactsVC.swift */,
				FECD0FF01ED98FB6003CDFAF /* ChatVC.swift */,
				FECD10051EDCF2B9003CDFAF /* VerifyVC.swift */,
			);
			name = Controller;
			sourceTree = "<group>";
		};
		FECD0FDF1ED91EB3003CDFAF /* Plugins */ = {
			isa = PBXGroup;
			children = (
				FECD0FE61ED93F37003CDFAF /* AuthProvider.swift */,
				FECD0FEA1ED97BBC003CDFAF /* DBProvider.swift */,
				FECD0FF21ED9AF8F003CDFAF /* MessagesHandler.swift */,
			);
			name = Plugins;
			sourceTree = "<group>";
		};
		FECD0FFF1EDC9C7F003CDFAF /* WatSwift */ = {
			isa = PBXGroup;
			children = (
				FECD10031EDC9D2A003CDFAF /* WatSwift.swift */,
				FECD10001EDC9CA1003CDFAF /* JSON.swift */,
			);
			name = WatSwift;
			path = ..;
			sourceTree = "<group>";
		};
/* End PBXGroup section */

/* Begin PBXNativeTarget section */
		FECD0FC61ED91A08003CDFAF /* chat */ = {
			isa = PBXNativeTarget;
			buildConfigurationList = FECD0FD91ED91A08003CDFAF /* Build configuration list for PBXNativeTarget "chat" */;
			buildPhases = (
				031DEE77ABAFC002FD0334B9 /* [CP] Check Pods Manifest.lock */,
				FECD0FC31ED91A08003CDFAF /* Sources */,
				FECD0FC41ED91A08003CDFAF /* Frameworks */,
				FECD0FC51ED91A08003CDFAF /* Resources */,
				6E260E939DB6D3BDC40FA88F /* [CP] Embed Pods Frameworks */,
				56473F391033F8C2543291A6 /* [CP] Copy Pods Resources */,
			);
			buildRules = (
			);
			dependencies = (
			);
			name = chat;
			productName = chat;
			productReference = FECD0FC71ED91A08003CDFAF /* chat.app */;
			productType = "com.apple.product-type.application";
		};
/* End PBXNativeTarget section */

/* Begin PBXProject section */
		FECD0FBF1ED91A08003CDFAF /* Project object */ = {
			isa = PBXProject;
			attributes = {
				LastSwiftUpdateCheck = 0830;
				LastUpgradeCheck = 0830;
				ORGANIZATIONNAME = "Christopher Ho";
				TargetAttributes = {
					FECD0FC61ED91A08003CDFAF = {
						CreatedOnToolsVersion = 8.3.2;
						DevelopmentTeam = B2F7W3P7DE;
						ProvisioningStyle = Automatic;
					};
				};
			};
			buildConfigurationList = FECD0FC21ED91A08003CDFAF /* Build configuration list for PBXProject "chat" */;
			compatibilityVersion = "Xcode 3.2";
			developmentRegion = English;
			hasScannedForEncodings = 0;
			knownRegions = (
				en,
				Base,
			);
			mainGroup = FECD0FBE1ED91A08003CDFAF;
			productRefGroup = FECD0FC81ED91A08003CDFAF /* Products */;
			projectDirPath = "";
			projectRoot = "";
			targets = (
				FECD0FC61ED91A08003CDFAF /* chat */,
			);
		};
/* End PBXProject section */

/* Begin PBXResourcesBuildPhase section */
		FECD0FC51ED91A08003CDFAF /* Resources */ = {
			isa = PBXResourcesBuildPhase;
			buildActionMask = 2147483647;
			files = (
				FECD0FD51ED91A08003CDFAF /* LaunchScreen.storyboard in Resources */,
				FECD0FE51ED92D47003CDFAF /* GoogleService-Info.plist in Resources */,
				FECD0FD21ED91A08003CDFAF /* Assets.xcassets in Resources */,
				FECD0FD01ED91A08003CDFAF /* Main.storyboard in Resources */,
			);
			runOnlyForDeploymentPostprocessing = 0;
		};
/* End PBXResourcesBuildPhase section */

/* Begin PBXShellScriptBuildPhase section */
		031DEE77ABAFC002FD0334B9 /* [CP] Check Pods Manifest.lock */ = {
			isa = PBXShellScriptBuildPhase;
			buildActionMask = 2147483647;
			files = (
			);
			inputPaths = (
			);
			name = "[CP] Check Pods Manifest.lock";
			outputPaths = (
			);
			runOnlyForDeploymentPostprocessing = 0;
			shellPath = /bin/sh;
			shellScript = "diff \"${PODS_PODFILE_DIR_PATH}/Podfile.lock\" \"${PODS_ROOT}/Manifest.lock\" > /dev/null\nif [ $? != 0 ] ; then\n    # print error to STDERR\n    echo \"error: The sandbox is not in sync with the Podfile.lock. Run 'pod install' or update your CocoaPods installation.\" >&2\n    exit 1\nfi\n";
			showEnvVarsInLog = 0;
		};
		56473F391033F8C2543291A6 /* [CP] Copy Pods Resources */ = {
			isa = PBXShellScriptBuildPhase;
			buildActionMask = 2147483647;
			files = (
			);
			inputPaths = (
			);
			name = "[CP] Copy Pods Resources";
			outputPaths = (
			);
			runOnlyForDeploymentPostprocessing = 0;
			shellPath = /bin/sh;
			shellScript = "\"${SRCROOT}/Pods/Target Support Files/Pods-chat/Pods-chat-resources.sh\"\n";
			showEnvVarsInLog = 0;
		};
		6E260E939DB6D3BDC40FA88F /* [CP] Embed Pods Frameworks */ = {
			isa = PBXShellScriptBuildPhase;
			buildActionMask = 2147483647;
			files = (
			);
			inputPaths = (
			);
			name = "[CP] Embed Pods Frameworks";
			outputPaths = (
			);
			runOnlyForDeploymentPostprocessing = 0;
			shellPath = /bin/sh;
			shellScript = "\"${SRCROOT}/Pods/Target Support Files/Pods-chat/Pods-chat-frameworks.sh\"\n";
			showEnvVarsInLog = 0;
		};
/* End PBXShellScriptBuildPhase section */

/* Begin PBXSourcesBuildPhase section */
		FECD0FC31ED91A08003CDFAF /* Sources */ = {
			isa = PBXSourcesBuildPhase;
			buildActionMask = 2147483647;
			files = (
				FECD0FF31ED9AF8F003CDFAF /* MessagesHandler.swift in Sources */,
				FECD10021EDC9CA1003CDFAF /* JSON.swift in Sources */,
				FECD0FF11ED98FB6003CDFAF /* ChatVC.swift in Sources */,
				FECD0FE11ED91EEA003CDFAF /* SignInVC.swift in Sources */,
				FECD0FCB1ED91A08003CDFAF /* AppDelegate.swift in Sources */,
				FECD0FEB1ED97BBC003CDFAF /* DBProvider.swift in Sources */,
				FECD0FE71ED93F37003CDFAF /* AuthProvider.swift in Sources */,
				FECD10061EDCF2B9003CDFAF /* VerifyVC.swift in Sources */,
				FECD10041EDC9D2A003CDFAF /* WatSwift.swift in Sources */,
				FECD0FE31ED921C7003CDFAF /* ContactsVC.swift in Sources */,
				FECD0FED1ED97C8F003CDFAF /* Constants.swift in Sources */,
				FECD0FEF1ED98774003CDFAF /* Contact.swift in Sources */,
			);
			runOnlyForDeploymentPostprocessing = 0;
		};
/* End PBXSourcesBuildPhase section */

/* Begin PBXVariantGroup section */
		FECD0FCE1ED91A08003CDFAF /* Main.storyboard */ = {
			isa = PBXVariantGroup;
			children = (
				FECD0FCF1ED91A08003CDFAF /* Base */,
			);
			name = Main.storyboard;
			sourceTree = "<group>";
		};
		FECD0FD31ED91A08003CDFAF /* LaunchScreen.storyboard */ = {
			isa = PBXVariantGroup;
			children = (
				FECD0FD41ED91A08003CDFAF /* Base */,
			);
			name = LaunchScreen.storyboard;
			sourceTree = "<group>";
		};
/* End PBXVariantGroup section */

/* Begin XCBuildConfiguration section */
		FECD0FD71ED91A08003CDFAF /* Debug */ = {
			isa = XCBuildConfiguration;
			buildSettings = {
				ALWAYS_SEARCH_USER_PATHS = NO;
				CLANG_ANALYZER_NONNULL = YES;
				CLANG_ANALYZER_NUMBER_OBJECT_CONVERSION = YES_AGGRESSIVE;
				CLANG_CXX_LANGUAGE_STANDARD = "gnu++0x";
				CLANG_CXX_LIBRARY = "libc++";
				CLANG_ENABLE_MODULES = YES;
				CLANG_ENABLE_OBJC_ARC = YES;
				CLANG_WARN_BOOL_CONVERSION = YES;
				CLANG_WARN_CONSTANT_CONVERSION = YES;
				CLANG_WARN_DIRECT_OBJC_ISA_USAGE = YES_ERROR;
				CLANG_WARN_DOCUMENTATION_COMMENTS = YES;
				CLANG_WARN_EMPTY_BODY = YES;
				CLANG_WARN_ENUM_CONVERSION = YES;
				CLANG_WARN_INFINITE_RECURSION = YES;
				CLANG_WARN_INT_CONVERSION = YES;
				CLANG_WARN_OBJC_ROOT_CLASS = YES_ERROR;
				CLANG_WARN_SUSPICIOUS_MOVE = YES;
				CLANG_WARN_UNREACHABLE_CODE = YES;
				CLANG_WARN__DUPLICATE_METHOD_MATCH = YES;
				"CODE_SIGN_IDENTITY[sdk=iphoneos*]" = "iPhone Developer";
				COPY_PHASE_STRIP = NO;
				DEBUG_INFORMATION_FORMAT = dwarf;
				ENABLE_STRICT_OBJC_MSGSEND = YES;
				ENABLE_TESTABILITY = YES;
				GCC_C_LANGUAGE_STANDARD = gnu99;
				GCC_DYNAMIC_NO_PIC = NO;
				GCC_NO_COMMON_BLOCKS = YES;
				GCC_OPTIMIZATION_LEVEL = 0;
				GCC_PREPROCESSOR_DEFINITIONS = (
					"DEBUG=1",
					"$(inherited)",
				);
				GCC_WARN_64_TO_32_BIT_CONVERSION = YES;
				GCC_WARN_ABOUT_RETURN_TYPE = YES_ERROR;
				GCC_WARN_UNDECLARED_SELECTOR = YES;
				GCC_WARN_UNINITIALIZED_AUTOS = YES_AGGRESSIVE;
				GCC_WARN_UNUSED_FUNCTION = YES;
				GCC_WARN_UNUSED_VARIABLE = YES;
				IPHONEOS_DEPLOYMENT_TARGET = 10.3;
				MTL_ENABLE_DEBUG_INFO = YES;
				ONLY_ACTIVE_ARCH = YES;
				SDKROOT = iphoneos;
				SWIFT_ACTIVE_COMPILATION_CONDITIONS = DEBUG;
				SWIFT_OPTIMIZATION_LEVEL = "-Onone";
				TARGETED_DEVICE_FAMILY = "1,2";
			};
			name = Debug;
		};
		FECD0FD81ED91A08003CDFAF /* Release */ = {
			isa = XCBuildConfiguration;
			buildSettings = {
				ALWAYS_SEARCH_USER_PATHS = NO;
				CLANG_ANALYZER_NONNULL = YES;
				CLANG_ANALYZER_NUMBER_OBJECT_CONVERSION = YES_AGGRESSIVE;
				CLANG_CXX_LANGUAGE_STANDARD = "gnu++0x";
				CLANG_CXX_LIBRARY = "libc++";
				CLANG_ENABLE_MODULES = YES;
				CLANG_ENABLE_OBJC_ARC = YES;
				CLANG_WARN_BOOL_CONVERSION = YES;
				CLANG_WARN_CONSTANT_CONVERSION = YES;
				CLANG_WARN_DIRECT_OBJC_ISA_USAGE = YES_ERROR;
				CLANG_WARN_DOCUMENTATION_COMMENTS = YES;
				CLANG_WARN_EMPTY_BODY = YES;
				CLANG_WARN_ENUM_CONVERSION = YES;
				CLANG_WARN_INFINITE_RECURSION = YES;
				CLANG_WARN_INT_CONVERSION = YES;
				CLANG_WARN_OBJC_ROOT_CLASS = YES_ERROR;
				CLANG_WARN_SUSPICIOUS_MOVE = YES;
				CLANG_WARN_UNREACHABLE_CODE = YES;
				CLANG_WARN__DUPLICATE_METHOD_MATCH = YES;
				"CODE_SIGN_IDENTITY[sdk=iphoneos*]" = "iPhone Developer";
				COPY_PHASE_STRIP = NO;
				DEBUG_INFORMATION_FORMAT = "dwarf-with-dsym";
				ENABLE_NS_ASSERTIONS = NO;
				ENABLE_STRICT_OBJC_MSGSEND = YES;
				GCC_C_LANGUAGE_STANDARD = gnu99;
				GCC_NO_COMMON_BLOCKS = YES;
				GCC_WARN_64_TO_32_BIT_CONVERSION = YES;
				GCC_WARN_ABOUT_RETURN_TYPE = YES_ERROR;
				GCC_WARN_UNDECLARED_SELECTOR = YES;
				GCC_WARN_UNINITIALIZED_AUTOS = YES_AGGRESSIVE;
				GCC_WARN_UNUSED_FUNCTION = YES;
				GCC_WARN_UNUSED_VARIABLE = YES;
				IPHONEOS_DEPLOYMENT_TARGET = 10.3;
				MTL_ENABLE_DEBUG_INFO = NO;
				SDKROOT = iphoneos;
				SWIFT_OPTIMIZATION_LEVEL = "-Owholemodule";
				TARGETED_DEVICE_FAMILY = "1,2";
				VALIDATE_PRODUCT = YES;
			};
			name = Release;
		};
		FECD0FDA1ED91A08003CDFAF /* Debug */ = {
			isa = XCBuildConfiguration;
			baseConfigurationReference = 868762A63A41D9DA28582E03 /* Pods-chat.debug.xcconfig */;
			buildSettings = {
				ASSETCATALOG_COMPILER_APPICON_NAME = AppIcon;
				DEVELOPMENT_TEAM = B2F7W3P7DE;
				INFOPLIST_FILE = chat/Info.plist;
				LD_RUNPATH_SEARCH_PATHS = "$(inherited) @executable_path/Frameworks";
				PRODUCT_BUNDLE_IDENTIFIER = com.christopherho.chat;
				PRODUCT_NAME = "$(TARGET_NAME)";
				SWIFT_VERSION = 3.0;
			};
			name = Debug;
		};
		FECD0FDB1ED91A08003CDFAF /* Release */ = {
			isa = XCBuildConfiguration;
			baseConfigurationReference = B8C25ADBE43ACF29457BE34D /* Pods-chat.release.xcconfig */;
			buildSettings = {
				ASSETCATALOG_COMPILER_APPICON_NAME = AppIcon;
				DEVELOPMENT_TEAM = B2F7W3P7DE;
				INFOPLIST_FILE = chat/Info.plist;
				LD_RUNPATH_SEARCH_PATHS = "$(inherited) @executable_path/Frameworks";
				PRODUCT_BUNDLE_IDENTIFIER = com.christopherho.chat;
				PRODUCT_NAME = "$(TARGET_NAME)";
				SWIFT_VERSION = 3.0;
			};
			name = Release;
		};
/* End XCBuildConfiguration section */

/* Begin XCConfigurationList section */
		FECD0FC21ED91A08003CDFAF /* Build configuration list for PBXProject "chat" */ = {
			isa = XCConfigurationList;
			buildConfigurations = (
				FECD0FD71ED91A08003CDFAF /* Debug */,
				FECD0FD81ED91A08003CDFAF /* Release */,
			);
			defaultConfigurationIsVisible = 0;
			defaultConfigurationName = Release;
		};
		FECD0FD91ED91A08003CDFAF /* Build configuration list for PBXNativeTarget "chat" */ = {
			isa = XCConfigurationList;
			buildConfigurations = (
				FECD0FDA1ED91A08003CDFAF /* Debug */,
				FECD0FDB1ED91A08003CDFAF /* Release */,
			);
			defaultConfigurationIsVisible = 0;
			defaultConfigurationName = Release;
		};
/* End XCConfigurationList section */
	};
	rootObject = FECD0FBF1ED91A08003CDFAF /* Project object */;
}
